
Microsoft Visual Studio Solution File, Format Version 12.00
# Visual Studio 15
VisualStudioVersion = 15.0.26228.4
MinimumVisualStudioVersion = 10.0.40219.1
Project("{FAE04EC0-301F-11D3-BF4B-00C04F79EFBC}") = "PassengerClient", "PassengerClient\PassengerClient.csproj", "{55BEB39D-1935-434E-B855-3CE1C8D421FB}"
EndProject
Global
	GlobalSection(SolutionConfigurationPlatforms) = preSolution
		Debug|Any CPU = Debug|Any CPU
		Release|Any CPU = Release|Any CPU
	EndGlobalSection
	GlobalSection(ProjectConfigurationPlatforms) = postSolution
		{55BEB39D-1935-434E-B855-3CE1C8D421FB}.Debug|Any CPU.ActiveCfg = Debug|Any CPU
		{55BEB39D-1935-434E-B855-3CE1C8D421FB}.Debug|Any CPU.Build.0 = Debug|Any CPU
		{55BEB39D-1935-434E-B855-3CE1C8D421FB}.Release|Any CPU.ActiveCfg = Release|Any CPU
		{55BEB39D-1935-434E-B855-3CE1C8D421FB}.Release|Any CPU.Build.0 = Release|Any CPU
	EndGlobalSection
	GlobalSection(SolutionProperties) = preSolution
		HideSolutionNode = FALSE
	EndGlobalSection
EndGlobal
